
Microsoft Visual Studio Solution File, Format Version 12.00
# Visual Studio Version 17
VisualStudioVersion = 17.2.32602.215
MinimumVisualStudioVersion = 10.0.40219.1
Project("{9A19103F-16F7-4668-BE54-9A1E7A4F7556}") = "PetToolAPI", "TodoApi\PetToolAPI.csproj", "{DFBEE827-ECC6-4111-9DF2-F969FE72FF82}"
EndProject
Global
	GlobalSection(SolutionConfigurationPlatforms) = preSolution
		Debug|Any CPU = Debug|Any CPU
		Release|Any CPU = Release|Any CPU
	EndGlobalSection
	GlobalSection(ProjectConfigurationPlatforms) = postSolution
		{DFBEE827-ECC6-4111-9DF2-F969FE72FF82}.Debug|Any CPU.ActiveCfg = Debug|Any CPU
		{DFBEE827-ECC6-4111-9DF2-F969FE72FF82}.Debug|Any CPU.Build.0 = Debug|Any CPU
		{DFBEE827-ECC6-4111-9DF2-F969FE72FF82}.Release|Any CPU.ActiveCfg = Release|Any CPU
		{DFBEE827-ECC6-4111-9DF2-F969FE72FF82}.Release|Any CPU.Build.0 = Release|Any CPU
	EndGlobalSection
	GlobalSection(SolutionProperties) = preSolution
		HideSolutionNode = FALSE
	EndGlobalSection
	GlobalSection(ExtensibilityGlobals) = postSolution
		SolutionGuid = {B478D462-7E8E-48C1-948E-ACFA1C0B93A1}
	EndGlobalSection
EndGlobal
